Microsoft Visual Studio Solution File, Format Version 12.00
# Visual Studio 2012
Project("{FAE04EC0-301F-11D3-BF4B-00C04F79EFBC}") = "Exodus3D", "Exodus3D.csproj", "{407CCC85-C8E1-488A-93A8-AAE62CAF64AF}"
EndProject
Global
	GlobalSection(SolutionConfigurationPlatforms) = preSolution
	Debug|Any CPU = Debug|Any CPU
	ExportDebug|Any CPU = ExportDebug|Any CPU
	ExportRelease|Any CPU = ExportRelease|Any CPU
	EndGlobalSection
	GlobalSection(ProjectConfigurationPlatforms) = postSolution
		{407CCC85-C8E1-488A-93A8-AAE62CAF64AF}.Debug|Any CPU.ActiveCfg = Debug|Any CPU
		{407CCC85-C8E1-488A-93A8-AAE62CAF64AF}.Debug|Any CPU.Build.0 = Debug|Any CPU
		{407CCC85-C8E1-488A-93A8-AAE62CAF64AF}.ExportDebug|Any CPU.ActiveCfg = ExportDebug|Any CPU
		{407CCC85-C8E1-488A-93A8-AAE62CAF64AF}.ExportDebug|Any CPU.Build.0 = ExportDebug|Any CPU
		{407CCC85-C8E1-488A-93A8-AAE62CAF64AF}.ExportRelease|Any CPU.ActiveCfg = ExportRelease|Any CPU
		{407CCC85-C8E1-488A-93A8-AAE62CAF64AF}.ExportRelease|Any CPU.Build.0 = ExportRelease|Any CPU
	EndGlobalSection
EndGlobal
